// !$*UTF8*$!
{
	archiveVersion = 1;
	classes = {
	};
	objectVersion = 50;
	objects = {

/* Begin PBXBuildFile section */
		3A64A9FC2602A259007E15B4 /* TrekrApp.swift in Sources */ = {isa = PBXBuildFile; fileRef = 3A64A9FB2602A259007E15B4 /* TrekrApp.swift */; };
		3A64A9FE2602A259007E15B4 /* ContentView.swift in Sources */ = {isa = PBXBuildFile; fileRef = 3A64A9FD2602A259007E15B4 /* ContentView.swift */; };
		3A64AA002602A25A007E15B4 /* Assets.xcassets in Resources */ = {isa = PBXBuildFile; fileRef = 3A64A9FF2602A25A007E15B4 /* Assets.xcassets */; };
		3A64AA032602A25A007E15B4 /* Preview Assets.xcassets in Resources */ = {isa = PBXBuildFile; fileRef = 3A64AA022602A25A007E15B4 /* Preview Assets.xcassets */; };
		3ADEEE892602A5F500816B85 /* tips.json in Resources */ = {isa = PBXBuildFile; fileRef = 3ADEEE872602A5F500816B85 /* tips.json */; };
		3ADEEE8A2602A5F500816B85 /* locations.json in Resources */ = {isa = PBXBuildFile; fileRef = 3ADEEE882602A5F500816B85 /* locations.json */; };
		3ADEEE8D2602ADCA00816B85 /* Location.swift in Sources */ = {isa = PBXBuildFile; fileRef = 3ADEEE8C2602ADCA00816B85 /* Location.swift */; };
		3ADEEE912602B11F00816B85 /* Locations.swift in Sources */ = {isa = PBXBuildFile; fileRef = 3ADEEE902602B11F00816B85 /* Locations.swift */; };
		3ADEEE952602B72E00816B85 /* WorldView.swift in Sources */ = {isa = PBXBuildFile; fileRef = 3ADEEE942602B72E00816B85 /* WorldView.swift */; };
		3ADEEE982602BE4300816B85 /* Tip.swift in Sources */ = {isa = PBXBuildFile; fileRef = 3ADEEE972602BE4300816B85 /* Tip.swift */; };
		3ADEEE9B2602BF8300816B85 /* TipsView.swift in Sources */ = {isa = PBXBuildFile; fileRef = 3ADEEE9A2602BF8300816B85 /* TipsView.swift */; };
/* End PBXBuildFile section */

/* Begin PBXFileReference section */
		3A64A9F82602A259007E15B4 /* Trekr.app */ = {isa = PBXFileReference; explicitFileType = wrapper.application; includeInIndex = 0; path = Trekr.app; sourceTree = BUILT_PRODUCTS_DIR; };
		3A64A9FB2602A259007E15B4 /* TrekrApp.swift */ = {isa = PBXFileReference; lastKnownFileType = sourcecode.swift; path = TrekrApp.swift; sourceTree = "<group>"; };
		3A64A9FD2602A259007E15B4 /* ContentView.swift */ = {isa = PBXFileReference; lastKnownFileType = sourcecode.swift; path = ContentView.swift; sourceTree = "<group>"; };
		3A64A9FF2602A25A007E15B4 /* Assets.xcassets */ = {isa = PBXFileReference; lastKnownFileType = folder.assetcatalog; path = Assets.xcassets; sourceTree = "<group>"; };
		3A64AA022602A25A007E15B4 /* Preview Assets.xcassets */ = {isa = PBXFileReference; lastKnownFileType = folder.assetcatalog; path = "Preview Assets.xcassets"; sourceTree = "<group>"; };
		3A64AA042602A25A007E15B4 /* Info.plist */ = {isa = PBXFileReference; lastKnownFileType = text.plist.xml; path = Info.plist; sourceTree = "<group>"; };
		3ADEEE872602A5F500816B85 /* tips.json */ = {isa = PBXFileReference; fileEncoding = 4; lastKnownFileType = text.json; path = tips.json; sourceTree = "<group>"; };
		3ADEEE882602A5F500816B85 /* locations.json */ = {isa = PBXFileReference; fileEncoding = 4; lastKnownFileType = text.json; path = locations.json; sourceTree = "<group>"; };
		3ADEEE8C2602ADCA00816B85 /* Location.swift */ = {isa = PBXFileReference; lastKnownFileType = sourcecode.swift; path = Location.swift; sourceTree = "<group>"; };
		3ADEEE902602B11F00816B85 /* Locations.swift */ = {isa = PBXFileReference; lastKnownFileType = sourcecode.swift; path = Locations.swift; sourceTree = "<group>"; };
		3ADEEE942602B72E00816B85 /* WorldView.swift */ = {isa = PBXFileReference; lastKnownFileType = sourcecode.swift; path = WorldView.swift; sourceTree = "<group>"; };
		3ADEEE972602BE4300816B85 /* Tip.swift */ = {isa = PBXFileReference; lastKnownFileType = sourcecode.swift; path = Tip.swift; sourceTree = "<group>"; };
		3ADEEE9A2602BF8300816B85 /* TipsView.swift */ = {isa = PBXFileReference; lastKnownFileType = sourcecode.swift; path = TipsView.swift; sourceTree = "<group>"; };
/* End PBXFileReference section */

/* Begin PBXFrameworksBuildPhase section */
		3A64A9F52602A259007E15B4 /* Frameworks */ = {
			isa = PBXFrameworksBuildPhase;
			buildActionMask = 2147483647;
			files = (
			);
			runOnlyForDeploymentPostprocessing = 0;
		};
/* End PBXFrameworksBuildPhase section */

/* Begin PBXGroup section */
		3A64A9EF2602A259007E15B4 = {
			isa = PBXGroup;
			children = (
				3A64A9FA2602A259007E15B4 /* Trekr */,
				3A64A9F92602A259007E15B4 /* Products */,
			);
			sourceTree = "<group>";
		};
		3A64A9F92602A259007E15B4 /* Products */ = {
			isa = PBXGroup;
			children = (
				3A64A9F82602A259007E15B4 /* Trekr.app */,
			);
			name = Products;
			sourceTree = "<group>";
		};
		3A64A9FA2602A259007E15B4 /* Trekr */ = {
			isa = PBXGroup;
			children = (
				3A64A9FB2602A259007E15B4 /* TrekrApp.swift */,
				3ADEEE942602B72E00816B85 /* WorldView.swift */,
				3ADEEE9A2602BF8300816B85 /* TipsView.swift */,
				3A64A9FD2602A259007E15B4 /* ContentView.swift */,
				3ADEEE902602B11F00816B85 /* Locations.swift */,
				3A64A9FF2602A25A007E15B4 /* Assets.xcassets */,
				3A64AA042602A25A007E15B4 /* Info.plist */,
				3ADEEE882602A5F500816B85 /* locations.json */,
				3ADEEE8C2602ADCA00816B85 /* Location.swift */,
				3ADEEE872602A5F500816B85 /* tips.json */,
				3A64AA012602A25A007E15B4 /* Preview Content */,
				3ADEEE972602BE4300816B85 /* Tip.swift */,
			);
			path = Trekr;
			sourceTree = "<group>";
		};
		3A64AA012602A25A007E15B4 /* Preview Content */ = {
			isa = PBXGroup;
			children = (
				3A64AA022602A25A007E15B4 /* Preview Assets.xcassets */,
			);
			path = "Preview Content";
			sourceTree = "<group>";
		};
/* End PBXGroup section */

/* Begin PBXNativeTarget section */
		3A64A9F72602A259007E15B4 /* Trekr */ = {
			isa = PBXNativeTarget;
			buildConfigurationList = 3A64AA072602A25A007E15B4 /* Build configuration list for PBXNativeTarget "Trekr" */;
			buildPhases = (
				3A64A9F42602A259007E15B4 /* Sources */,
				3A64A9F52602A259007E15B4 /* Frameworks */,
				3A64A9F62602A259007E15B4 /* Resources */,
			);
			buildRules = (
			);
			dependencies = (
			);
			name = Trekr;
			productName = Trekr;
			productReference = 3A64A9F82602A259007E15B4 /* Trekr.app */;
			productType = "com.apple.product-type.application";
		};
/* End PBXNativeTarget section */

/* Begin PBXProject section */
		3A64A9F02602A259007E15B4 /* Project object */ = {
			isa = PBXProject;
			attributes = {
				LastSwiftUpdateCheck = 1240;
				LastUpgradeCheck = 1240;
				TargetAttributes = {
					3A64A9F72602A259007E15B4 = {
						CreatedOnToolsVersion = 12.4;
					};
				};
			};
			buildConfigurationList = 3A64A9F32602A259007E15B4 /* Build configuration list for PBXProject "Trekr" */;
			compatibilityVersion = "Xcode 9.3";
			developmentRegion = en;
			hasScannedForEncodings = 0;
			knownRegions = (
				en,
				Base,
			);
			mainGroup = 3A64A9EF2602A259007E15B4;
			productRefGroup = 3A64A9F92602A259007E15B4 /* Products */;
			projectDirPath = "";
			projectRoot = "";
			targets = (
				3A64A9F72602A259007E15B4 /* Trekr */,
			);
		};
/* End PBXProject section */

/* Begin PBXResourcesBuildPhase section */
		3A64A9F62602A259007E15B4 /* Resources */ = {
			isa = PBXResourcesBuildPhase;
			buildActionMask = 2147483647;
			files = (
				3A64AA032602A25A007E15B4 /* Preview Assets.xcassets in Resources */,
				3A64AA002602A25A007E15B4 /* Assets.xcassets in Resources */,
				3ADEEE8A2602A5F500816B85 /* locations.json in Resources */,
				3ADEEE892602A5F500816B85 /* tips.json in Resources */,
			);
			runOnlyForDeploymentPostprocessing = 0;
		};
/* End PBXResourcesBuildPhase section */

/* Begin PBXSourcesBuildPhase section */
		3A64A9F42602A259007E15B4 /* Sources */ = {
			isa = PBXSourcesBuildPhase;
			buildActionMask = 2147483647;
			files = (
				3A64A9FE2602A259007E15B4 /* ContentView.swift in Sources */,
				3ADEEE8D2602ADCA00816B85 /* Location.swift in Sources */,
				3ADEEE952602B72E00816B85 /* WorldView.swift in Sources */,
				3ADEEE982602BE4300816B85 /* Tip.swift in Sources */,
				3ADEEE9B2602BF8300816B85 /* TipsView.swift in Sources */,
				3ADEEE912602B11F00816B85 /* Locations.swift in Sources */,
				3A64A9FC2602A259007E15B4 /* TrekrApp.swift in Sources */,
			);
			runOnlyForDeploymentPostprocessing = 0;
		};
/* End PBXSourcesBuildPhase section */

/* Begin XCBuildConfiguration section */
		3A64AA052602A25A007E15B4 /* Debug */ = {
			isa = XCBuildConfiguration;
			buildSettings = {
				ALWAYS_SEARCH_USER_PATHS = NO;
				CLANG_ANALYZER_NONNULL = YES;
				CLANG_ANALYZER_NUMBER_OBJECT_CONVERSION = YES_AGGRESSIVE;
				CLANG_CXX_LANGUAGE_STANDARD = "gnu++14";
				CLANG_CXX_LIBRARY = "libc++";
				CLANG_ENABLE_MODULES = YES;
				CLANG_ENABLE_OBJC_ARC = YES;
				CLANG_ENABLE_OBJC_WEAK = YES;
				CLANG_WARN_BLOCK_CAPTURE_AUTORELEASING = YES;
				CLANG_WARN_BOOL_CONVERSION = YES;
				CLANG_WARN_COMMA = YES;
				CLANG_WARN_CONSTANT_CONVERSION = YES;
				CLANG_WARN_DEPRECATED_OBJC_IMPLEMENTATIONS = YES;
				CLANG_WARN_DIRECT_OBJC_ISA_USAGE = YES_ERROR;
				CLANG_WARN_DOCUMENTATION_COMMENTS = YES;
				CLANG_WARN_EMPTY_BODY = YES;
				CLANG_WARN_ENUM_CONVERSION = YES;
				CLANG_WARN_INFINITE_RECURSION = YES;
				CLANG_WARN_INT_CONVERSION = YES;
				CLANG_WARN_NON_LITERAL_NULL_CONVERSION = YES;
				CLANG_WARN_OBJC_IMPLICIT_RETAIN_SELF = YES;
				CLANG_WARN_OBJC_LITERAL_CONVERSION = YES;
				CLANG_WARN_OBJC_ROOT_CLASS = YES_ERROR;
				CLANG_WARN_QUOTED_INCLUDE_IN_FRAMEWORK_HEADER = YES;
				CLANG_WARN_RANGE_LOOP_ANALYSIS = YES;
				CLANG_WARN_STRICT_PROTOTYPES = YES;
				CLANG_WARN_SUSPICIOUS_MOVE = YES;
				CLANG_WARN_UNGUARDED_AVAILABILITY = YES_AGGRESSIVE;
				CLANG_WARN_UNREACHABLE_CODE = YES;
				CLANG_WARN__DUPLICATE_METHOD_MATCH = YES;
				COPY_PHASE_STRIP = NO;
				DEBUG_INFORMATION_FORMAT = dwarf;
				ENABLE_STRICT_OBJC_MSGSEND = YES;
				ENABLE_TESTABILITY = YES;
				GCC_C_LANGUAGE_STANDARD = gnu11;
				GCC_DYNAMIC_NO_PIC = NO;
				GCC_NO_COMMON_BLOCKS = YES;
				GCC_OPTIMIZATION_LEVEL = 0;
				GCC_PREPROCESSOR_DEFINITIONS = (
					"DEBUG=1",
					"$(inherited)",
				);
				GCC_WARN_64_TO_32_BIT_CONVERSION = YES;
				GCC_WARN_ABOUT_RETURN_TYPE = YES_ERROR;
				GCC_WARN_UNDECLARED_SELECTOR = YES;
				GCC_WARN_UNINITIALIZED_AUTOS = YES_AGGRESSIVE;
				GCC_WARN_UNUSED_FUNCTION = YES;
				GCC_WARN_UNUSED_VARIABLE = YES;
				IPHONEOS_DEPLOYMENT_TARGET = 14.4;
				MTL_ENABLE_DEBUG_INFO = INCLUDE_SOURCE;
				MTL_FAST_MATH = YES;
				ONLY_ACTIVE_ARCH = YES;
				SDKROOT = iphoneos;
				SWIFT_ACTIVE_COMPILATION_CONDITIONS = DEBUG;
				SWIFT_OPTIMIZATION_LEVEL = "-Onone";
			};
			name = Debug;
		};
		3A64AA062602A25A007E15B4 /* Release */ = {
			isa = XCBuildConfiguration;
			buildSettings = {
				ALWAYS_SEARCH_USER_PATHS = NO;
				CLANG_ANALYZER_NONNULL = YES;
				CLANG_ANALYZER_NUMBER_OBJECT_CONVERSION = YES_AGGRESSIVE;
				CLANG_CXX_LANGUAGE_STANDARD = "gnu++14";
				CLANG_CXX_LIBRARY = "libc++";
				CLANG_ENABLE_MODULES = YES;
				CLANG_ENABLE_OBJC_ARC = YES;
				CLANG_ENABLE_OBJC_WEAK = YES;
				CLANG_WARN_BLOCK_CAPTURE_AUTORELEASING = YES;
				CLANG_WARN_BOOL_CONVERSION = YES;
				CLANG_WARN_COMMA = YES;
				CLANG_WARN_CONSTANT_CONVERSION = YES;
				CLANG_WARN_DEPRECATED_OBJC_IMPLEMENTATIONS = YES;
				CLANG_WARN_DIRECT_OBJC_ISA_USAGE = YES_ERROR;
				CLANG_WARN_DOCUMENTATION_COMMENTS = YES;
				CLANG_WARN_EMPTY_BODY = YES;
				CLANG_WARN_ENUM_CONVERSION = YES;
				CLANG_WARN_INFINITE_RECURSION = YES;
				CLANG_WARN_INT_CONVERSION = YES;
				CLANG_WARN_NON_LITERAL_NULL_CONVERSION = YES;
				CLANG_WARN_OBJC_IMPLICIT_RETAIN_SELF = YES;
				CLANG_WARN_OBJC_LITERAL_CONVERSION = YES;
				CLANG_WARN_OBJC_ROOT_CLASS = YES_ERROR;
				CLANG_WARN_QUOTED_INCLUDE_IN_FRAMEWORK_HEADER = YES;
				CLANG_WARN_RANGE_LOOP_ANALYSIS = YES;
				CLANG_WARN_STRICT_PROTOTYPES = YES;
				CLANG_WARN_SUSPICIOUS_MOVE = YES;
				CLANG_WARN_UNGUARDED_AVAILABILITY = YES_AGGRESSIVE;
				CLANG_WARN_UNREACHABLE_CODE = YES;
				CLANG_WARN__DUPLICATE_METHOD_MATCH = YES;
				COPY_PHASE_STRIP = NO;
				DEBUG_INFORMATION_FORMAT = "dwarf-with-dsym";
				ENABLE_NS_ASSERTIONS = NO;
				ENABLE_STRICT_OBJC_MSGSEND = YES;
				GCC_C_LANGUAGE_STANDARD = gnu11;
				GCC_NO_COMMON_BLOCKS = YES;
				GCC_WARN_64_TO_32_BIT_CONVERSION = YES;
				GCC_WARN_ABOUT_RETURN_TYPE = YES_ERROR;
				GCC_WARN_UNDECLARED_SELECTOR = YES;
				GCC_WARN_UNINITIALIZED_AUTOS = YES_AGGRESSIVE;
				GCC_WARN_UNUSED_FUNCTION = YES;
				GCC_WARN_UNUSED_VARIABLE = YES;
				IPHONEOS_DEPLOYMENT_TARGET = 14.4;
				MTL_ENABLE_DEBUG_INFO = NO;
				MTL_FAST_MATH = YES;
				SDKROOT = iphoneos;
				SWIFT_COMPILATION_MODE = wholemodule;
				SWIFT_OPTIMIZATION_LEVEL = "-O";
				VALIDATE_PRODUCT = YES;
			};
			name = Release;
		};
		3A64AA082602A25A007E15B4 /* Debug */ = {
			isa = XCBuildConfiguration;
			buildSettings = {
				ASSETCATALOG_COMPILER_APPICON_NAME = AppIcon;
				ASSETCATALOG_COMPILER_GLOBAL_ACCENT_COLOR_NAME = AccentColor;
				CODE_SIGN_STYLE = Automatic;
				DEVELOPMENT_ASSET_PATHS = "\"Trekr/Preview Content\"";
				DEVELOPMENT_TEAM = M9Z3N2R97A;
				ENABLE_PREVIEWS = YES;
				INFOPLIST_FILE = Trekr/Info.plist;
				IPHONEOS_DEPLOYMENT_TARGET = 14.0;
				LD_RUNPATH_SEARCH_PATHS = (
					"$(inherited)",
					"@executable_path/Frameworks",
				);
				PRODUCT_BUNDLE_IDENTIFIER = com.hutsonlabs.Trekr;
				PRODUCT_NAME = "$(TARGET_NAME)";
				SWIFT_VERSION = 5.0;
				TARGETED_DEVICE_FAMILY = "1,2";
			};
			name = Debug;
		};
		3A64AA092602A25A007E15B4 /* Release */ = {
			isa = XCBuildConfiguration;
			buildSettings = {
				ASSETCATALOG_COMPILER_APPICON_NAME = AppIcon;
				ASSETCATALOG_COMPILER_GLOBAL_ACCENT_COLOR_NAME = AccentColor;
				CODE_SIGN_STYLE = Automatic;
				DEVELOPMENT_ASSET_PATHS = "\"Trekr/Preview Content\"";
				DEVELOPMENT_TEAM = M9Z3N2R97A;
				ENABLE_PREVIEWS = YES;
				INFOPLIST_FILE = Trekr/Info.plist;
				IPHONEOS_DEPLOYMENT_TARGET = 14.0;
				LD_RUNPATH_SEARCH_PATHS = (
					"$(inherited)",
					"@executable_path/Frameworks",
				);
				PRODUCT_BUNDLE_IDENTIFIER = com.hutsonlabs.Trekr;
				PRODUCT_NAME = "$(TARGET_NAME)";
				SWIFT_VERSION = 5.0;
				TARGETED_DEVICE_FAMILY = "1,2";
			};
			name = Release;
		};
/* End XCBuildConfiguration section */

/* Begin XCConfigurationList section */
		3A64A9F32602A259007E15B4 /* Build configuration list for PBXProject "Trekr" */ = {
			isa = XCConfigurationList;
			buildConfigurations = (
				3A64AA052602A25A007E15B4 /* Debug */,
				3A64AA062602A25A007E15B4 /* Release */,
			);
			defaultConfigurationIsVisible = 0;
			defaultConfigurationName = Release;
		};
		3A64AA072602A25A007E15B4 /* Build configuration list for PBXNativeTarget "Trekr" */ = {
			isa = XCConfigurationList;
			buildConfigurations = (
				3A64AA082602A25A007E15B4 /* Debug */,
				3A64AA092602A25A007E15B4 /* Release */,
			);
			defaultConfigurationIsVisible = 0;
			defaultConfigurationName = Release;
		};
/* End XCConfigurationList section */
	};
	rootObject = 3A64A9F02602A259007E15B4 /* Project object */;
}
